dependencies:
- name: postgres
  repository: file://../postgres
  version: 0.1.0
- name: valkey
  repository: file://../valkey
  version: 0.1.0
- name: platform-api
  repository: file://../platform-api
  version: 0.1.0
- name: citizen-portal-api
  repository: file://../citizen-portal-api
  version: 0.1.0
- name: platform-web
  repository: file://../platform-web
  version: 0.1.0
- name: citizen-portal-web
  repository: file://../citizen-portal-web
  version: 0.1.0
digest: sha256:d49dedc6e51e108792a06242683f018bda079c9648e80926ee4748aebe81dfa9
generated: "2026-07-06T10:20:02.504165-07:00"
