dependencies:
- name: postgres
  repository: file://../postgres
  version: 0.1.0
- name: valkey
  repository: file://../valkey
  version: 0.1.0
- name: platform-api
  repository: file://../platform-api
  version: 0.1.0
- name: citizen-portal-api
  repository: file://../citizen-portal-api
  version: 0.1.0
- name: notification-service
  repository: file://../notification-service
  version: 0.1.0
- name: platform-web
  repository: file://../platform-web
  version: 0.1.0
- name: citizen-portal-web
  repository: file://../citizen-portal-web
  version: 0.1.0
digest: sha256:99f17f16569ad0ced27e9bd5a0af4f929116872d90fa10817c5c0c527303820f
generated: "2026-07-10T10:53:58.554383-07:00"
